
Microsoft Visual Studio Solution File, Format Version 12.00
# Visual Studio Version 17
VisualStudioVersion = 17.0.31903.59
MinimumVisualStudioVersion = 10.0.40219.1
Project("{FAE04EC0-301F-11D3-BF4B-00C04F79EFBC}") = "HelloWorld", "HelloWorld\HelloWorld.csproj", "{79FB5119-663E-4426-BDC8-59A7F9D0F243}"
EndProject
Project("{FAE04EC0-301F-11D3-BF4B-00C04F79EFBC}") = "ExtremamenteBasico", "ExtremamenteBasico\ExtremamenteBasico.csproj", "{7F82A427-C667-498B-AB4E-AAA82465B24E}"
EndProject
Project("{FAE04EC0-301F-11D3-BF4B-00C04F79EFBC}") = "AreaDoCirculo", "AreaDoCirculo\AreaDoCirculo.csproj", "{0A454D98-D379-444F-8C7F-1B5BCD9F5001}"
EndProject
Project("{FAE04EC0-301F-11D3-BF4B-00C04F79EFBC}") = "SomaSimples", "SomaSimples\SomaSimples.csproj", "{1EE487EE-0089-4784-90B6-FC5276044FA9}"
EndProject
Project("{FAE04EC0-301F-11D3-BF4B-00C04F79EFBC}") = "ProdutoSimples", "ProdutoSimples\ProdutoSimples.csproj", "{1B312FBF-E51A-4AA0-A260-67D76416C6BA}"
EndProject
Project("{FAE04EC0-301F-11D3-BF4B-00C04F79EFBC}") = "Media1", "Media1\Media1.csproj", "{44B1A1D1-C035-42BF-A7F5-97A04584D576}"
EndProject
Global
	GlobalSection(SolutionConfigurationPlatforms) = preSolution
		Debug|Any CPU = Debug|Any CPU
		Release|Any CPU = Release|Any CPU
	EndGlobalSection
	GlobalSection(SolutionProperties) = preSolution
		HideSolutionNode = FALSE
	EndGlobalSection
	GlobalSection(ProjectConfigurationPlatforms) = postSolution
		{79FB5119-663E-4426-BDC8-59A7F9D0F243}.Debug|Any CPU.ActiveCfg = Debug|Any CPU
		{79FB5119-663E-4426-BDC8-59A7F9D0F243}.Debug|Any CPU.Build.0 = Debug|Any CPU
		{79FB5119-663E-4426-BDC8-59A7F9D0F243}.Release|Any CPU.ActiveCfg = Release|Any CPU
		{79FB5119-663E-4426-BDC8-59A7F9D0F243}.Release|Any CPU.Build.0 = Release|Any CPU
		{7F82A427-C667-498B-AB4E-AAA82465B24E}.Debug|Any CPU.ActiveCfg = Debug|Any CPU
		{7F82A427-C667-498B-AB4E-AAA82465B24E}.Debug|Any CPU.Build.0 = Debug|Any CPU
		{7F82A427-C667-498B-AB4E-AAA82465B24E}.Release|Any CPU.ActiveCfg = Release|Any CPU
		{7F82A427-C667-498B-AB4E-AAA82465B24E}.Release|Any CPU.Build.0 = Release|Any CPU
		{0A454D98-D379-444F-8C7F-1B5BCD9F5001}.Debug|Any CPU.ActiveCfg = Debug|Any CPU
		{0A454D98-D379-444F-8C7F-1B5BCD9F5001}.Debug|Any CPU.Build.0 = Debug|Any CPU
		{0A454D98-D379-444F-8C7F-1B5BCD9F5001}.Release|Any CPU.ActiveCfg = Release|Any CPU
		{0A454D98-D379-444F-8C7F-1B5BCD9F5001}.Release|Any CPU.Build.0 = Release|Any CPU
		{1EE487EE-0089-4784-90B6-FC5276044FA9}.Debug|Any CPU.ActiveCfg = Debug|Any CPU
		{1EE487EE-0089-4784-90B6-FC5276044FA9}.Debug|Any CPU.Build.0 = Debug|Any CPU
		{1EE487EE-0089-4784-90B6-FC5276044FA9}.Release|Any CPU.ActiveCfg = Release|Any CPU
		{1EE487EE-0089-4784-90B6-FC5276044FA9}.Release|Any CPU.Build.0 = Release|Any CPU
		{1B312FBF-E51A-4AA0-A260-67D76416C6BA}.Debug|Any CPU.ActiveCfg = Debug|Any CPU
		{1B312FBF-E51A-4AA0-A260-67D76416C6BA}.Debug|Any CPU.Build.0 = Debug|Any CPU
		{1B312FBF-E51A-4AA0-A260-67D76416C6BA}.Release|Any CPU.ActiveCfg = Release|Any CPU
		{1B312FBF-E51A-4AA0-A260-67D76416C6BA}.Release|Any CPU.Build.0 = Release|Any CPU
		{44B1A1D1-C035-42BF-A7F5-97A04584D576}.Debug|Any CPU.ActiveCfg = Debug|Any CPU
		{44B1A1D1-C035-42BF-A7F5-97A04584D576}.Debug|Any CPU.Build.0 = Debug|Any CPU
		{44B1A1D1-C035-42BF-A7F5-97A04584D576}.Release|Any CPU.ActiveCfg = Release|Any CPU
		{44B1A1D1-C035-42BF-A7F5-97A04584D576}.Release|Any CPU.Build.0 = Release|Any CPU
	EndGlobalSection
EndGlobal
